
Microsoft Visual Studio Solution File, Format Version 12.00
# Visual Studio Version 17
VisualStudioVersion = 17.0.31903.59
MinimumVisualStudioVersion = 10.0.40219.1
Project("{2150E333-8FDC-42A3-9474-1A3956D46DE8}") = "host", "host", "{7226ABEA-787E-1D09-10EA-A2ECF996D6A6}"
EndProject
Project("{FAE04EC0-301F-11D3-BF4B-00C04F79EFBC}") = "Dkw.BillingManagement.AuthServer", "host\Dkw.BillingManagement.AuthServer\Dkw.BillingManagement.AuthServer.csproj", "{C8BDFE2F-5CA8-43D2-B6B5-2B7624B96438}"
EndProject
Project("{FAE04EC0-301F-11D3-BF4B-00C04F79EFBC}") = "Dkw.BillingManagement.Blazor.Host", "host\Dkw.BillingManagement.Blazor.Host\Dkw.BillingManagement.Blazor.Host.csproj", "{7A0B1807-C935-4AA0-B202-4EC297A94FCA}"
EndProject
Project("{FAE04EC0-301F-11D3-BF4B-00C04F79EFBC}") = "Dkw.BillingManagement.Blazor.Host.Client", "host\Dkw.BillingManagement.Blazor.Host.Client\Dkw.BillingManagement.Blazor.Host.Client.csproj", "{FC0C2C71-A2B6-4204-AAA1-E2E7DD953AF3}"
EndProject
Project("{FAE04EC0-301F-11D3-BF4B-00C04F79EFBC}") = "Dkw.BillingManagement.Blazor.Server.Host", "host\Dkw.BillingManagement.Blazor.Server.Host\Dkw.BillingManagement.Blazor.Server.Host.csproj", "{474C2FA8-7EFF-4D4A-B085-2E5A176EF5BD}"
EndProject
Project("{FAE04EC0-301F-11D3-BF4B-00C04F79EFBC}") = "Dkw.BillingManagement.Host.Shared", "host\Dkw.BillingManagement.Host.Shared\Dkw.BillingManagement.Host.Shared.csproj", "{7566276C-A739-4C7E-9EF5-BBB7BA610F52}"
EndProject
Project("{FAE04EC0-301F-11D3-BF4B-00C04F79EFBC}") = "Dkw.BillingManagement.HttpApi.Host", "host\Dkw.BillingManagement.HttpApi.Host\Dkw.BillingManagement.HttpApi.Host.csproj", "{A34B5455-5419-4047-9FD4-09AC64CF8867}"
EndProject
Project("{2150E333-8FDC-42A3-9474-1A3956D46DE8}") = "src", "src", "{827E0CD3-B72D-47B6-A68D-7590B98EB39B}"
EndProject
Project("{FAE04EC0-301F-11D3-BF4B-00C04F79EFBC}") = "Dkw.BillingManagement.Application", "src\Dkw.BillingManagement.Application\Dkw.BillingManagement.Application.csproj", "{04F10F0A-B2E4-4179-A4EF-AD48A89B081D}"
EndProject
Project("{FAE04EC0-301F-11D3-BF4B-00C04F79EFBC}") = "Dkw.BillingManagement.Application.Contracts", "src\Dkw.BillingManagement.Application.Contracts\Dkw.BillingManagement.Application.Contracts.csproj", "{580D588F-EEBB-4D2D-AEFC-1E0C587EE401}"
EndProject
Project("{FAE04EC0-301F-11D3-BF4B-00C04F79EFBC}") = "Dkw.BillingManagement.Blazor", "src\Dkw.BillingManagement.Blazor\Dkw.BillingManagement.Blazor.csproj", "{CE195BA6-C0F6-489B-B5A6-F0DA0C4AA801}"
EndProject
Project("{FAE04EC0-301F-11D3-BF4B-00C04F79EFBC}") = "Dkw.BillingManagement.Blazor.Server", "src\Dkw.BillingManagement.Blazor.Server\Dkw.BillingManagement.Blazor.Server.csproj", "{5F1B7585-5179-42B5-B1A0-1170BBB9C026}"
EndProject
Project("{FAE04EC0-301F-11D3-BF4B-00C04F79EFBC}") = "Dkw.BillingManagement.Blazor.WebAssembly", "src\Dkw.BillingManagement.Blazor.WebAssembly\Dkw.BillingManagement.Blazor.WebAssembly.csproj", "{14CA6BB1-0663-46B3-B778-9ADEECFC8DD9}"
EndProject
Project("{FAE04EC0-301F-11D3-BF4B-00C04F79EFBC}") = "Dkw.BillingManagement.Blazor.WebAssembly.Bundling", "src\Dkw.BillingManagement.Blazor.WebAssembly.Bundling\Dkw.BillingManagement.Blazor.WebAssembly.Bundling.csproj", "{D0BCD3C8-38A4-474F-9A1C-FB3A49B58941}"
EndProject
Project("{FAE04EC0-301F-11D3-BF4B-00C04F79EFBC}") = "Dkw.BillingManagement.Domain", "src\Dkw.BillingManagement.Domain\Dkw.BillingManagement.Domain.csproj", "{53E0786E-82E8-4FCE-BFBE-FFC6BE624350}"
EndProject
Project("{FAE04EC0-301F-11D3-BF4B-00C04F79EFBC}") = "Dkw.BillingManagement.Domain.Shared", "src\Dkw.BillingManagement.Domain.Shared\Dkw.BillingManagement.Domain.Shared.csproj", "{5C53677A-1468-4424-B1BE-EBC99B9C2DFE}"
EndProject
Project("{FAE04EC0-301F-11D3-BF4B-00C04F79EFBC}") = "Dkw.BillingManagement.EntityFrameworkCore", "src\Dkw.BillingManagement.EntityFrameworkCore\Dkw.BillingManagement.EntityFrameworkCore.csproj", "{B554C429-A979-429E-A600-B4387066348E}"
EndProject
Project("{FAE04EC0-301F-11D3-BF4B-00C04F79EFBC}") = "Dkw.BillingManagement.HttpApi", "src\Dkw.BillingManagement.HttpApi\Dkw.BillingManagement.HttpApi.csproj", "{2768D6EB-21D8-49BB-9ADD-DA02B069D35F}"
EndProject
Project("{FAE04EC0-301F-11D3-BF4B-00C04F79EFBC}") = "Dkw.BillingManagement.HttpApi.Client", "src\Dkw.BillingManagement.HttpApi.Client\Dkw.BillingManagement.HttpApi.Client.csproj", "{B3E64164-617F-47E7-A59B-B1D2B1521DEA}"
EndProject
Project("{FAE04EC0-301F-11D3-BF4B-00C04F79EFBC}") = "Dkw.BillingManagement.Installer", "src\Dkw.BillingManagement.Installer\Dkw.BillingManagement.Installer.csproj", "{3E49B82A-9004-4FB0-B318-EE41E31EE86C}"
EndProject
Project("{2150E333-8FDC-42A3-9474-1A3956D46DE8}") = "test", "test", "{0C88DD14-F956-CE84-757C-A364CCF449FC}"
EndProject
Project("{FAE04EC0-301F-11D3-BF4B-00C04F79EFBC}") = "Dkw.BillingManagement.Application.Tests", "test\Dkw.BillingManagement.Application.Tests\Dkw.BillingManagement.Application.Tests.csproj", "{3BF5C516-392B-448D-966D-3ADCD0BB781E}"
EndProject
Project("{FAE04EC0-301F-11D3-BF4B-00C04F79EFBC}") = "Dkw.BillingManagement.Domain.Tests", "test\Dkw.BillingManagement.Domain.Tests\Dkw.BillingManagement.Domain.Tests.csproj", "{20997410-89C5-4B46-809B-0723AB7D4A40}"
EndProject
Project("{FAE04EC0-301F-11D3-BF4B-00C04F79EFBC}") = "Dkw.BillingManagement.EntityFrameworkCore.Tests", "test\Dkw.BillingManagement.EntityFrameworkCore.Tests\Dkw.BillingManagement.EntityFrameworkCore.Tests.csproj", "{24412238-431A-466C-9794-5D670084F2E1}"
EndProject
Project("{FAE04EC0-301F-11D3-BF4B-00C04F79EFBC}") = "Dkw.BillingManagement.TestBase", "test\Dkw.BillingManagement.TestBase\Dkw.BillingManagement.TestBase.csproj", "{8135C75A-A31E-4F7C-A4E6-042897E18573}"
EndProject
Project("{2150E333-8FDC-42A3-9474-1A3956D46DE8}") = "_solution", "_solution", "{02EA681E-C7D8-13C7-8484-4AC65E1B71E8}"
	ProjectSection(SolutionItems) = preProject
		.editorconfig = .editorconfig
		.gitattributes = .gitattributes
		.gitignore = .gitignore
		clean.ps1 = clean.ps1
		DIrectory.Build.props = DIrectory.Build.props
		Directory.Packages.props = Directory.Packages.props
		docker-compose.yml = docker-compose.yml
		LICENSE.txt = LICENSE.txt
		README.md = README.md
	EndProjectSection
EndProject
Project("{FAE04EC0-301F-11D3-BF4B-00C04F79EFBC}") = "Dkw.BillingManagement.Abstractions", "src\Dkw.BillingManagement.Abstractions\Dkw.BillingManagement.Abstractions.csproj", "{26DEAAFC-57F3-4A9D-A27F-4BD2FD9D2DFF}"
EndProject
Project("{FAE04EC0-301F-11D3-BF4B-00C04F79EFBC}") = "Dkw.BillingManagement.EntityFrameworkCore.SqlServer", "src\Dkw.BillingManagement.EntityFrameworkCore.SqlServer\Dkw.BillingManagement.EntityFrameworkCore.SqlServer.csproj", "{2E42D6FA-3B0E-43E5-9948-7BD2D62070C2}"
EndProject
Global
	GlobalSection(SolutionConfigurationPlatforms) = preSolution
		Debug|Any CPU = Debug|Any CPU
		Debug|x64 = Debug|x64
		Debug|x86 = Debug|x86
		Release|Any CPU = Release|Any CPU
		Release|x64 = Release|x64
		Release|x86 = Release|x86
	EndGlobalSection
	GlobalSection(ProjectConfigurationPlatforms) = postSolution
		{C8BDFE2F-5CA8-43D2-B6B5-2B7624B96438}.Debug|Any CPU.ActiveCfg = Debug|Any CPU
		{C8BDFE2F-5CA8-43D2-B6B5-2B7624B96438}.Debug|Any CPU.Build.0 = Debug|Any CPU
		{C8BDFE2F-5CA8-43D2-B6B5-2B7624B96438}.Debug|x64.ActiveCfg = Debug|Any CPU
		{C8BDFE2F-5CA8-43D2-B6B5-2B7624B96438}.Debug|x64.Build.0 = Debug|Any CPU
		{C8BDFE2F-5CA8-43D2-B6B5-2B7624B96438}.Debug|x86.ActiveCfg = Debug|Any CPU
		{C8BDFE2F-5CA8-43D2-B6B5-2B7624B96438}.Debug|x86.Build.0 = Debug|Any CPU
		{C8BDFE2F-5CA8-43D2-B6B5-2B7624B96438}.Release|Any CPU.ActiveCfg = Release|Any CPU
		{C8BDFE2F-5CA8-43D2-B6B5-2B7624B96438}.Release|Any CPU.Build.0 = Release|Any CPU
		{C8BDFE2F-5CA8-43D2-B6B5-2B7624B96438}.Release|x64.ActiveCfg = Release|Any CPU
		{C8BDFE2F-5CA8-43D2-B6B5-2B7624B96438}.Release|x64.Build.0 = Release|Any CPU
		{C8BDFE2F-5CA8-43D2-B6B5-2B7624B96438}.Release|x86.ActiveCfg = Release|Any CPU
		{C8BDFE2F-5CA8-43D2-B6B5-2B7624B96438}.Release|x86.Build.0 = Release|Any CPU
		{7A0B1807-C935-4AA0-B202-4EC297A94FCA}.Debug|Any CPU.ActiveCfg = Debug|Any CPU
		{7A0B1807-C935-4AA0-B202-4EC297A94FCA}.Debug|Any CPU.Build.0 = Debug|Any CPU
		{7A0B1807-C935-4AA0-B202-4EC297A94FCA}.Debug|x64.ActiveCfg = Debug|Any CPU
		{7A0B1807-C935-4AA0-B202-4EC297A94FCA}.Debug|x64.Build.0 = Debug|Any CPU
		{7A0B1807-C935-4AA0-B202-4EC297A94FCA}.Debug|x86.ActiveCfg = Debug|Any CPU
		{7A0B1807-C935-4AA0-B202-4EC297A94FCA}.Debug|x86.Build.0 = Debug|Any CPU
		{7A0B1807-C935-4AA0-B202-4EC297A94FCA}.Release|Any CPU.ActiveCfg = Release|Any CPU
		{7A0B1807-C935-4AA0-B202-4EC297A94FCA}.Release|Any CPU.Build.0 = Release|Any CPU
		{7A0B1807-C935-4AA0-B202-4EC297A94FCA}.Release|x64.ActiveCfg = Release|Any CPU
		{7A0B1807-C935-4AA0-B202-4EC297A94FCA}.Release|x64.Build.0 = Release|Any CPU
		{7A0B1807-C935-4AA0-B202-4EC297A94FCA}.Release|x86.ActiveCfg = Release|Any CPU
		{7A0B1807-C935-4AA0-B202-4EC297A94FCA}.Release|x86.Build.0 = Release|Any CPU
		{FC0C2C71-A2B6-4204-AAA1-E2E7DD953AF3}.Debug|Any CPU.ActiveCfg = Debug|Any CPU
		{FC0C2C71-A2B6-4204-AAA1-E2E7DD953AF3}.Debug|Any CPU.Build.0 = Debug|Any CPU
		{FC0C2C71-A2B6-4204-AAA1-E2E7DD953AF3}.Debug|x64.ActiveCfg = Debug|Any CPU
		{FC0C2C71-A2B6-4204-AAA1-E2E7DD953AF3}.Debug|x64.Build.0 = Debug|Any CPU
		{FC0C2C71-A2B6-4204-AAA1-E2E7DD953AF3}.Debug|x86.ActiveCfg = Debug|Any CPU
		{FC0C2C71-A2B6-4204-AAA1-E2E7DD953AF3}.Debug|x86.Build.0 = Debug|Any CPU
		{FC0C2C71-A2B6-4204-AAA1-E2E7DD953AF3}.Release|Any CPU.ActiveCfg = Release|Any CPU
		{FC0C2C71-A2B6-4204-AAA1-E2E7DD953AF3}.Release|Any CPU.Build.0 = Release|Any CPU
		{FC0C2C71-A2B6-4204-AAA1-E2E7DD953AF3}.Release|x64.ActiveCfg = Release|Any CPU
		{FC0C2C71-A2B6-4204-AAA1-E2E7DD953AF3}.Release|x64.Build.0 = Release|Any CPU
		{FC0C2C71-A2B6-4204-AAA1-E2E7DD953AF3}.Release|x86.ActiveCfg = Release|Any CPU
		{FC0C2C71-A2B6-4204-AAA1-E2E7DD953AF3}.Release|x86.Build.0 = Release|Any CPU
		{474C2FA8-7EFF-4D4A-B085-2E5A176EF5BD}.Debug|Any CPU.ActiveCfg = Debug|Any CPU
		{474C2FA8-7EFF-4D4A-B085-2E5A176EF5BD}.Debug|Any CPU.Build.0 = Debug|Any CPU
		{474C2FA8-7EFF-4D4A-B085-2E5A176EF5BD}.Debug|x64.ActiveCfg = Debug|Any CPU
		{474C2FA8-7EFF-4D4A-B085-2E5A176EF5BD}.Debug|x64.Build.0 = Debug|Any CPU
		{474C2FA8-7EFF-4D4A-B085-2E5A176EF5BD}.Debug|x86.ActiveCfg = Debug|Any CPU
		{474C2FA8-7EFF-4D4A-B085-2E5A176EF5BD}.Debug|x86.Build.0 = Debug|Any CPU
		{474C2FA8-7EFF-4D4A-B085-2E5A176EF5BD}.Release|Any CPU.ActiveCfg = Release|Any CPU
		{474C2FA8-7EFF-4D4A-B085-2E5A176EF5BD}.Release|Any CPU.Build.0 = Release|Any CPU
		{474C2FA8-7EFF-4D4A-B085-2E5A176EF5BD}.Release|x64.ActiveCfg = Release|Any CPU
		{474C2FA8-7EFF-4D4A-B085-2E5A176EF5BD}.Release|x64.Build.0 = Release|Any CPU
		{474C2FA8-7EFF-4D4A-B085-2E5A176EF5BD}.Release|x86.ActiveCfg = Release|Any CPU
		{474C2FA8-7EFF-4D4A-B085-2E5A176EF5BD}.Release|x86.Build.0 = Release|Any CPU
		{7566276C-A739-4C7E-9EF5-BBB7BA610F52}.Debug|Any CPU.ActiveCfg = Debug|Any CPU
		{7566276C-A739-4C7E-9EF5-BBB7BA610F52}.Debug|Any CPU.Build.0 = Debug|Any CPU
		{7566276C-A739-4C7E-9EF5-BBB7BA610F52}.Debug|x64.ActiveCfg = Debug|Any CPU
		{7566276C-A739-4C7E-9EF5-BBB7BA610F52}.Debug|x64.Build.0 = Debug|Any CPU
		{7566276C-A739-4C7E-9EF5-BBB7BA610F52}.Debug|x86.ActiveCfg = Debug|Any CPU
		{7566276C-A739-4C7E-9EF5-BBB7BA610F52}.Debug|x86.Build.0 = Debug|Any CPU
		{7566276C-A739-4C7E-9EF5-BBB7BA610F52}.Release|Any CPU.ActiveCfg = Release|Any CPU
		{7566276C-A739-4C7E-9EF5-BBB7BA610F52}.Release|Any CPU.Build.0 = Release|Any CPU
		{7566276C-A739-4C7E-9EF5-BBB7BA610F52}.Release|x64.ActiveCfg = Release|Any CPU
		{7566276C-A739-4C7E-9EF5-BBB7BA610F52}.Release|x64.Build.0 = Release|Any CPU
		{7566276C-A739-4C7E-9EF5-BBB7BA610F52}.Release|x86.ActiveCfg = Release|Any CPU
		{7566276C-A739-4C7E-9EF5-BBB7BA610F52}.Release|x86.Build.0 = Release|Any CPU
		{A34B5455-5419-4047-9FD4-09AC64CF8867}.Debug|Any CPU.ActiveCfg = Debug|Any CPU
		{A34B5455-5419-4047-9FD4-09AC64CF8867}.Debug|Any CPU.Build.0 = Debug|Any CPU
		{A34B5455-5419-4047-9FD4-09AC64CF8867}.Debug|x64.ActiveCfg = Debug|Any CPU
		{A34B5455-5419-4047-9FD4-09AC64CF8867}.Debug|x64.Build.0 = Debug|Any CPU
		{A34B5455-5419-4047-9FD4-09AC64CF8867}.Debug|x86.ActiveCfg = Debug|Any CPU
		{A34B5455-5419-4047-9FD4-09AC64CF8867}.Debug|x86.Build.0 = Debug|Any CPU
		{A34B5455-5419-4047-9FD4-09AC64CF8867}.Release|Any CPU.ActiveCfg = Release|Any CPU
		{A34B5455-5419-4047-9FD4-09AC64CF8867}.Release|Any CPU.Build.0 = Release|Any CPU
		{A34B5455-5419-4047-9FD4-09AC64CF8867}.Release|x64.ActiveCfg = Release|Any CPU
		{A34B5455-5419-4047-9FD4-09AC64CF8867}.Release|x64.Build.0 = Release|Any CPU
		{A34B5455-5419-4047-9FD4-09AC64CF8867}.Release|x86.ActiveCfg = Release|Any CPU
		{A34B5455-5419-4047-9FD4-09AC64CF8867}.Release|x86.Build.0 = Release|Any CPU
		{04F10F0A-B2E4-4179-A4EF-AD48A89B081D}.Debug|Any CPU.ActiveCfg = Debug|Any CPU
		{04F10F0A-B2E4-4179-A4EF-AD48A89B081D}.Debug|Any CPU.Build.0 = Debug|Any CPU
		{04F10F0A-B2E4-4179-A4EF-AD48A89B081D}.Debug|x64.ActiveCfg = Debug|Any CPU
		{04F10F0A-B2E4-4179-A4EF-AD48A89B081D}.Debug|x64.Build.0 = Debug|Any CPU
		{04F10F0A-B2E4-4179-A4EF-AD48A89B081D}.Debug|x86.ActiveCfg = Debug|Any CPU
		{04F10F0A-B2E4-4179-A4EF-AD48A89B081D}.Debug|x86.Build.0 = Debug|Any CPU
		{04F10F0A-B2E4-4179-A4EF-AD48A89B081D}.Release|Any CPU.ActiveCfg = Release|Any CPU
		{04F10F0A-B2E4-4179-A4EF-AD48A89B081D}.Release|Any CPU.Build.0 = Release|Any CPU
		{04F10F0A-B2E4-4179-A4EF-AD48A89B081D}.Release|x64.ActiveCfg = Release|Any CPU
		{04F10F0A-B2E4-4179-A4EF-AD48A89B081D}.Release|x64.Build.0 = Release|Any CPU
		{04F10F0A-B2E4-4179-A4EF-AD48A89B081D}.Release|x86.ActiveCfg = Release|Any CPU
		{04F10F0A-B2E4-4179-A4EF-AD48A89B081D}.Release|x86.Build.0 = Release|Any CPU
		{580D588F-EEBB-4D2D-AEFC-1E0C587EE401}.Debug|Any CPU.ActiveCfg = Debug|Any CPU
		{580D588F-EEBB-4D2D-AEFC-1E0C587EE401}.Debug|Any CPU.Build.0 = Debug|Any CPU
		{580D588F-EEBB-4D2D-AEFC-1E0C587EE401}.Debug|x64.ActiveCfg = Debug|Any CPU
		{580D588F-EEBB-4D2D-AEFC-1E0C587EE401}.Debug|x64.Build.0 = Debug|Any CPU
		{580D588F-EEBB-4D2D-AEFC-1E0C587EE401}.Debug|x86.ActiveCfg = Debug|Any CPU
		{580D588F-EEBB-4D2D-AEFC-1E0C587EE401}.Debug|x86.Build.0 = Debug|Any CPU
		{580D588F-EEBB-4D2D-AEFC-1E0C587EE401}.Release|Any CPU.ActiveCfg = Release|Any CPU
		{580D588F-EEBB-4D2D-AEFC-1E0C587EE401}.Release|Any CPU.Build.0 = Release|Any CPU
		{580D588F-EEBB-4D2D-AEFC-1E0C587EE401}.Release|x64.ActiveCfg = Release|Any CPU
		{580D588F-EEBB-4D2D-AEFC-1E0C587EE401}.Release|x64.Build.0 = Release|Any CPU
		{580D588F-EEBB-4D2D-AEFC-1E0C587EE401}.Release|x86.ActiveCfg = Release|Any CPU
		{580D588F-EEBB-4D2D-AEFC-1E0C587EE401}.Release|x86.Build.0 = Release|Any CPU
		{CE195BA6-C0F6-489B-B5A6-F0DA0C4AA801}.Debug|Any CPU.ActiveCfg = Debug|Any CPU
		{CE195BA6-C0F6-489B-B5A6-F0DA0C4AA801}.Debug|Any CPU.Build.0 = Debug|Any CPU
		{CE195BA6-C0F6-489B-B5A6-F0DA0C4AA801}.Debug|x64.ActiveCfg = Debug|Any CPU
		{CE195BA6-C0F6-489B-B5A6-F0DA0C4AA801}.Debug|x64.Build.0 = Debug|Any CPU
		{CE195BA6-C0F6-489B-B5A6-F0DA0C4AA801}.Debug|x86.ActiveCfg = Debug|Any CPU
		{CE195BA6-C0F6-489B-B5A6-F0DA0C4AA801}.Debug|x86.Build.0 = Debug|Any CPU
		{CE195BA6-C0F6-489B-B5A6-F0DA0C4AA801}.Release|Any CPU.ActiveCfg = Release|Any CPU
		{CE195BA6-C0F6-489B-B5A6-F0DA0C4AA801}.Release|Any CPU.Build.0 = Release|Any CPU
		{CE195BA6-C0F6-489B-B5A6-F0DA0C4AA801}.Release|x64.ActiveCfg = Release|Any CPU
		{CE195BA6-C0F6-489B-B5A6-F0DA0C4AA801}.Release|x64.Build.0 = Release|Any CPU
		{CE195BA6-C0F6-489B-B5A6-F0DA0C4AA801}.Release|x86.ActiveCfg = Release|Any CPU
		{CE195BA6-C0F6-489B-B5A6-F0DA0C4AA801}.Release|x86.Build.0 = Release|Any CPU
		{5F1B7585-5179-42B5-B1A0-1170BBB9C026}.Debug|Any CPU.ActiveCfg = Debug|Any CPU
		{5F1B7585-5179-42B5-B1A0-1170BBB9C026}.Debug|Any CPU.Build.0 = Debug|Any CPU
		{5F1B7585-5179-42B5-B1A0-1170BBB9C026}.Debug|x64.ActiveCfg = Debug|Any CPU
		{5F1B7585-5179-42B5-B1A0-1170BBB9C026}.Debug|x64.Build.0 = Debug|Any CPU
		{5F1B7585-5179-42B5-B1A0-1170BBB9C026}.Debug|x86.ActiveCfg = Debug|Any CPU
		{5F1B7585-5179-42B5-B1A0-1170BBB9C026}.Debug|x86.Build.0 = Debug|Any CPU
		{5F1B7585-5179-42B5-B1A0-1170BBB9C026}.Release|Any CPU.ActiveCfg = Release|Any CPU
		{5F1B7585-5179-42B5-B1A0-1170BBB9C026}.Release|Any CPU.Build.0 = Release|Any CPU
		{5F1B7585-5179-42B5-B1A0-1170BBB9C026}.Release|x64.ActiveCfg = Release|Any CPU
		{5F1B7585-5179-42B5-B1A0-1170BBB9C026}.Release|x64.Build.0 = Release|Any CPU
		{5F1B7585-5179-42B5-B1A0-1170BBB9C026}.Release|x86.ActiveCfg = Release|Any CPU
		{5F1B7585-5179-42B5-B1A0-1170BBB9C026}.Release|x86.Build.0 = Release|Any CPU
		{14CA6BB1-0663-46B3-B778-9ADEECFC8DD9}.Debug|Any CPU.ActiveCfg = Debug|Any CPU
		{14CA6BB1-0663-46B3-B778-9ADEECFC8DD9}.Debug|Any CPU.Build.0 = Debug|Any CPU
		{14CA6BB1-0663-46B3-B778-9ADEECFC8DD9}.Debug|x64.ActiveCfg = Debug|Any CPU
		{14CA6BB1-0663-46B3-B778-9ADEECFC8DD9}.Debug|x64.Build.0 = Debug|Any CPU
		{14CA6BB1-0663-46B3-B778-9ADEECFC8DD9}.Debug|x86.ActiveCfg = Debug|Any CPU
		{14CA6BB1-0663-46B3-B778-9ADEECFC8DD9}.Debug|x86.Build.0 = Debug|Any CPU
		{14CA6BB1-0663-46B3-B778-9ADEECFC8DD9}.Release|Any CPU.ActiveCfg = Release|Any CPU
		{14CA6BB1-0663-46B3-B778-9ADEECFC8DD9}.Release|Any CPU.Build.0 = Release|Any CPU
		{14CA6BB1-0663-46B3-B778-9ADEECFC8DD9}.Release|x64.ActiveCfg = Release|Any CPU
		{14CA6BB1-0663-46B3-B778-9ADEECFC8DD9}.Release|x64.Build.0 = Release|Any CPU
		{14CA6BB1-0663-46B3-B778-9ADEECFC8DD9}.Release|x86.ActiveCfg = Release|Any CPU
		{14CA6BB1-0663-46B3-B778-9ADEECFC8DD9}.Release|x86.Build.0 = Release|Any CPU
		{D0BCD3C8-38A4-474F-9A1C-FB3A49B58941}.Debug|Any CPU.ActiveCfg = Debug|Any CPU
		{D0BCD3C8-38A4-474F-9A1C-FB3A49B58941}.Debug|Any CPU.Build.0 = Debug|Any CPU
		{D0BCD3C8-38A4-474F-9A1C-FB3A49B58941}.Debug|x64.ActiveCfg = Debug|Any CPU
		{D0BCD3C8-38A4-474F-9A1C-FB3A49B58941}.Debug|x64.Build.0 = Debug|Any CPU
		{D0BCD3C8-38A4-474F-9A1C-FB3A49B58941}.Debug|x86.ActiveCfg = Debug|Any CPU
		{D0BCD3C8-38A4-474F-9A1C-FB3A49B58941}.Debug|x86.Build.0 = Debug|Any CPU
		{D0BCD3C8-38A4-474F-9A1C-FB3A49B58941}.Release|Any CPU.ActiveCfg = Release|Any CPU
		{D0BCD3C8-38A4-474F-9A1C-FB3A49B58941}.Release|Any CPU.Build.0 = Release|Any CPU
		{D0BCD3C8-38A4-474F-9A1C-FB3A49B58941}.Release|x64.ActiveCfg = Release|Any CPU
		{D0BCD3C8-38A4-474F-9A1C-FB3A49B58941}.Release|x64.Build.0 = Release|Any CPU
		{D0BCD3C8-38A4-474F-9A1C-FB3A49B58941}.Release|x86.ActiveCfg = Release|Any CPU
		{D0BCD3C8-38A4-474F-9A1C-FB3A49B58941}.Release|x86.Build.0 = Release|Any CPU
		{53E0786E-82E8-4FCE-BFBE-FFC6BE624350}.Debug|Any CPU.ActiveCfg = Debug|Any CPU
		{53E0786E-82E8-4FCE-BFBE-FFC6BE624350}.Debug|Any CPU.Build.0 = Debug|Any CPU
		{53E0786E-82E8-4FCE-BFBE-FFC6BE624350}.Debug|x64.ActiveCfg = Debug|Any CPU
		{53E0786E-82E8-4FCE-BFBE-FFC6BE624350}.Debug|x64.Build.0 = Debug|Any CPU
		{53E0786E-82E8-4FCE-BFBE-FFC6BE624350}.Debug|x86.ActiveCfg = Debug|Any CPU
		{53E0786E-82E8-4FCE-BFBE-FFC6BE624350}.Debug|x86.Build.0 = Debug|Any CPU
		{53E0786E-82E8-4FCE-BFBE-FFC6BE624350}.Release|Any CPU.ActiveCfg = Release|Any CPU
		{53E0786E-82E8-4FCE-BFBE-FFC6BE624350}.Release|Any CPU.Build.0 = Release|Any CPU
		{53E0786E-82E8-4FCE-BFBE-FFC6BE624350}.Release|x64.ActiveCfg = Release|Any CPU
		{53E0786E-82E8-4FCE-BFBE-FFC6BE624350}.Release|x64.Build.0 = Release|Any CPU
		{53E0786E-82E8-4FCE-BFBE-FFC6BE624350}.Release|x86.ActiveCfg = Release|Any CPU
		{53E0786E-82E8-4FCE-BFBE-FFC6BE624350}.Release|x86.Build.0 = Release|Any CPU
		{5C53677A-1468-4424-B1BE-EBC99B9C2DFE}.Debug|Any CPU.ActiveCfg = Debug|Any CPU
		{5C53677A-1468-4424-B1BE-EBC99B9C2DFE}.Debug|Any CPU.Build.0 = Debug|Any CPU
		{5C53677A-1468-4424-B1BE-EBC99B9C2DFE}.Debug|x64.ActiveCfg = Debug|Any CPU
		{5C53677A-1468-4424-B1BE-EBC99B9C2DFE}.Debug|x64.Build.0 = Debug|Any CPU
		{5C53677A-1468-4424-B1BE-EBC99B9C2DFE}.Debug|x86.ActiveCfg = Debug|Any CPU
		{5C53677A-1468-4424-B1BE-EBC99B9C2DFE}.Debug|x86.Build.0 = Debug|Any CPU
		{5C53677A-1468-4424-B1BE-EBC99B9C2DFE}.Release|Any CPU.ActiveCfg = Release|Any CPU
		{5C53677A-1468-4424-B1BE-EBC99B9C2DFE}.Release|Any CPU.Build.0 = Release|Any CPU
		{5C53677A-1468-4424-B1BE-EBC99B9C2DFE}.Release|x64.ActiveCfg = Release|Any CPU
		{5C53677A-1468-4424-B1BE-EBC99B9C2DFE}.Release|x64.Build.0 = Release|Any CPU
		{5C53677A-1468-4424-B1BE-EBC99B9C2DFE}.Release|x86.ActiveCfg = Release|Any CPU
		{5C53677A-1468-4424-B1BE-EBC99B9C2DFE}.Release|x86.Build.0 = Release|Any CPU
		{B554C429-A979-429E-A600-B4387066348E}.Debug|Any CPU.ActiveCfg = Debug|Any CPU
		{B554C429-A979-429E-A600-B4387066348E}.Debug|Any CPU.Build.0 = Debug|Any CPU
		{B554C429-A979-429E-A600-B4387066348E}.Debug|x64.ActiveCfg = Debug|Any CPU
		{B554C429-A979-429E-A600-B4387066348E}.Debug|x64.Build.0 = Debug|Any CPU
		{B554C429-A979-429E-A600-B4387066348E}.Debug|x86.ActiveCfg = Debug|Any CPU
		{B554C429-A979-429E-A600-B4387066348E}.Debug|x86.Build.0 = Debug|Any CPU
		{B554C429-A979-429E-A600-B4387066348E}.Release|Any CPU.ActiveCfg = Release|Any CPU
		{B554C429-A979-429E-A600-B4387066348E}.Release|Any CPU.Build.0 = Release|Any CPU
		{B554C429-A979-429E-A600-B4387066348E}.Release|x64.ActiveCfg = Release|Any CPU
		{B554C429-A979-429E-A600-B4387066348E}.Release|x64.Build.0 = Release|Any CPU
		{B554C429-A979-429E-A600-B4387066348E}.Release|x86.ActiveCfg = Release|Any CPU
		{B554C429-A979-429E-A600-B4387066348E}.Release|x86.Build.0 = Release|Any CPU
		{2768D6EB-21D8-49BB-9ADD-DA02B069D35F}.Debug|Any CPU.ActiveCfg = Debug|Any CPU
		{2768D6EB-21D8-49BB-9ADD-DA02B069D35F}.Debug|Any CPU.Build.0 = Debug|Any CPU
		{2768D6EB-21D8-49BB-9ADD-DA02B069D35F}.Debug|x64.ActiveCfg = Debug|Any CPU
		{2768D6EB-21D8-49BB-9ADD-DA02B069D35F}.Debug|x64.Build.0 = Debug|Any CPU
		{2768D6EB-21D8-49BB-9ADD-DA02B069D35F}.Debug|x86.ActiveCfg = Debug|Any CPU
		{2768D6EB-21D8-49BB-9ADD-DA02B069D35F}.Debug|x86.Build.0 = Debug|Any CPU
		{2768D6EB-21D8-49BB-9ADD-DA02B069D35F}.Release|Any CPU.ActiveCfg = Release|Any CPU
		{2768D6EB-21D8-49BB-9ADD-DA02B069D35F}.Release|Any CPU.Build.0 = Release|Any CPU
		{2768D6EB-21D8-49BB-9ADD-DA02B069D35F}.Release|x64.ActiveCfg = Release|Any CPU
		{2768D6EB-21D8-49BB-9ADD-DA02B069D35F}.Release|x64.Build.0 = Release|Any CPU
		{2768D6EB-21D8-49BB-9ADD-DA02B069D35F}.Release|x86.ActiveCfg = Release|Any CPU
		{2768D6EB-21D8-49BB-9ADD-DA02B069D35F}.Release|x86.Build.0 = Release|Any CPU
		{B3E64164-617F-47E7-A59B-B1D2B1521DEA}.Debug|Any CPU.ActiveCfg = Debug|Any CPU
		{B3E64164-617F-47E7-A59B-B1D2B1521DEA}.Debug|Any CPU.Build.0 = Debug|Any CPU
		{B3E64164-617F-47E7-A59B-B1D2B1521DEA}.Debug|x64.ActiveCfg = Debug|Any CPU
		{B3E64164-617F-47E7-A59B-B1D2B1521DEA}.Debug|x64.Build.0 = Debug|Any CPU
		{B3E64164-617F-47E7-A59B-B1D2B1521DEA}.Debug|x86.ActiveCfg = Debug|Any CPU
		{B3E64164-617F-47E7-A59B-B1D2B1521DEA}.Debug|x86.Build.0 = Debug|Any CPU
		{B3E64164-617F-47E7-A59B-B1D2B1521DEA}.Release|Any CPU.ActiveCfg = Release|Any CPU
		{B3E64164-617F-47E7-A59B-B1D2B1521DEA}.Release|Any CPU.Build.0 = Release|Any CPU
		{B3E64164-617F-47E7-A59B-B1D2B1521DEA}.Release|x64.ActiveCfg = Release|Any CPU
		{B3E64164-617F-47E7-A59B-B1D2B1521DEA}.Release|x64.Build.0 = Release|Any CPU
		{B3E64164-617F-47E7-A59B-B1D2B1521DEA}.Release|x86.ActiveCfg = Release|Any CPU
		{B3E64164-617F-47E7-A59B-B1D2B1521DEA}.Release|x86.Build.0 = Release|Any CPU
		{3E49B82A-9004-4FB0-B318-EE41E31EE86C}.Debug|Any CPU.ActiveCfg = Debug|Any CPU
		{3E49B82A-9004-4FB0-B318-EE41E31EE86C}.Debug|Any CPU.Build.0 = Debug|Any CPU
		{3E49B82A-9004-4FB0-B318-EE41E31EE86C}.Debug|x64.ActiveCfg = Debug|Any CPU
		{3E49B82A-9004-4FB0-B318-EE41E31EE86C}.Debug|x64.Build.0 = Debug|Any CPU
		{3E49B82A-9004-4FB0-B318-EE41E31EE86C}.Debug|x86.ActiveCfg = Debug|Any CPU
		{3E49B82A-9004-4FB0-B318-EE41E31EE86C}.Debug|x86.Build.0 = Debug|Any CPU
		{3E49B82A-9004-4FB0-B318-EE41E31EE86C}.Release|Any CPU.ActiveCfg = Release|Any CPU
		{3E49B82A-9004-4FB0-B318-EE41E31EE86C}.Release|Any CPU.Build.0 = Release|Any CPU
		{3E49B82A-9004-4FB0-B318-EE41E31EE86C}.Release|x64.ActiveCfg = Release|Any CPU
		{3E49B82A-9004-4FB0-B318-EE41E31EE86C}.Release|x64.Build.0 = Release|Any CPU
		{3E49B82A-9004-4FB0-B318-EE41E31EE86C}.Release|x86.ActiveCfg = Release|Any CPU
		{3E49B82A-9004-4FB0-B318-EE41E31EE86C}.Release|x86.Build.0 = Release|Any CPU
		{3BF5C516-392B-448D-966D-3ADCD0BB781E}.Debug|Any CPU.ActiveCfg = Debug|Any CPU
		{3BF5C516-392B-448D-966D-3ADCD0BB781E}.Debug|Any CPU.Build.0 = Debug|Any CPU
		{3BF5C516-392B-448D-966D-3ADCD0BB781E}.Debug|x64.ActiveCfg = Debug|Any CPU
		{3BF5C516-392B-448D-966D-3ADCD0BB781E}.Debug|x64.Build.0 = Debug|Any CPU
		{3BF5C516-392B-448D-966D-3ADCD0BB781E}.Debug|x86.ActiveCfg = Debug|Any CPU
		{3BF5C516-392B-448D-966D-3ADCD0BB781E}.Debug|x86.Build.0 = Debug|Any CPU
		{3BF5C516-392B-448D-966D-3ADCD0BB781E}.Release|Any CPU.ActiveCfg = Release|Any CPU
		{3BF5C516-392B-448D-966D-3ADCD0BB781E}.Release|Any CPU.Build.0 = Release|Any CPU
		{3BF5C516-392B-448D-966D-3ADCD0BB781E}.Release|x64.ActiveCfg = Release|Any CPU
		{3BF5C516-392B-448D-966D-3ADCD0BB781E}.Release|x64.Build.0 = Release|Any CPU
		{3BF5C516-392B-448D-966D-3ADCD0BB781E}.Release|x86.ActiveCfg = Release|Any CPU
		{3BF5C516-392B-448D-966D-3ADCD0BB781E}.Release|x86.Build.0 = Release|Any CPU
		{20997410-89C5-4B46-809B-0723AB7D4A40}.Debug|Any CPU.ActiveCfg = Debug|Any CPU
		{20997410-89C5-4B46-809B-0723AB7D4A40}.Debug|Any CPU.Build.0 = Debug|Any CPU
		{20997410-89C5-4B46-809B-0723AB7D4A40}.Debug|x64.ActiveCfg = Debug|Any CPU
		{20997410-89C5-4B46-809B-0723AB7D4A40}.Debug|x64.Build.0 = Debug|Any CPU
		{20997410-89C5-4B46-809B-0723AB7D4A40}.Debug|x86.ActiveCfg = Debug|Any CPU
		{20997410-89C5-4B46-809B-0723AB7D4A40}.Debug|x86.Build.0 = Debug|Any CPU
		{20997410-89C5-4B46-809B-0723AB7D4A40}.Release|Any CPU.ActiveCfg = Release|Any CPU
		{20997410-89C5-4B46-809B-0723AB7D4A40}.Release|Any CPU.Build.0 = Release|Any CPU
		{20997410-89C5-4B46-809B-0723AB7D4A40}.Release|x64.ActiveCfg = Release|Any CPU
		{20997410-89C5-4B46-809B-0723AB7D4A40}.Release|x64.Build.0 = Release|Any CPU
		{20997410-89C5-4B46-809B-0723AB7D4A40}.Release|x86.ActiveCfg = Release|Any CPU
		{20997410-89C5-4B46-809B-0723AB7D4A40}.Release|x86.Build.0 = Release|Any CPU
		{24412238-431A-466C-9794-5D670084F2E1}.Debug|Any CPU.ActiveCfg = Debug|Any CPU
		{24412238-431A-466C-9794-5D670084F2E1}.Debug|Any CPU.Build.0 = Debug|Any CPU
		{24412238-431A-466C-9794-5D670084F2E1}.Debug|x64.ActiveCfg = Debug|Any CPU
		{24412238-431A-466C-9794-5D670084F2E1}.Debug|x64.Build.0 = Debug|Any CPU
		{24412238-431A-466C-9794-5D670084F2E1}.Debug|x86.ActiveCfg = Debug|Any CPU
		{24412238-431A-466C-9794-5D670084F2E1}.Debug|x86.Build.0 = Debug|Any CPU
		{24412238-431A-466C-9794-5D670084F2E1}.Release|Any CPU.ActiveCfg = Release|Any CPU
		{24412238-431A-466C-9794-5D670084F2E1}.Release|Any CPU.Build.0 = Release|Any CPU
		{24412238-431A-466C-9794-5D670084F2E1}.Release|x64.ActiveCfg = Release|Any CPU
		{24412238-431A-466C-9794-5D670084F2E1}.Release|x64.Build.0 = Release|Any CPU
		{24412238-431A-466C-9794-5D670084F2E1}.Release|x86.ActiveCfg = Release|Any CPU
		{24412238-431A-466C-9794-5D670084F2E1}.Release|x86.Build.0 = Release|Any CPU
		{8135C75A-A31E-4F7C-A4E6-042897E18573}.Debug|Any CPU.ActiveCfg = Debug|Any CPU
		{8135C75A-A31E-4F7C-A4E6-042897E18573}.Debug|Any CPU.Build.0 = Debug|Any CPU
		{8135C75A-A31E-4F7C-A4E6-042897E18573}.Debug|x64.ActiveCfg = Debug|Any CPU
		{8135C75A-A31E-4F7C-A4E6-042897E18573}.Debug|x64.Build.0 = Debug|Any CPU
		{8135C75A-A31E-4F7C-A4E6-042897E18573}.Debug|x86.ActiveCfg = Debug|Any CPU
		{8135C75A-A31E-4F7C-A4E6-042897E18573}.Debug|x86.Build.0 = Debug|Any CPU
		{8135C75A-A31E-4F7C-A4E6-042897E18573}.Release|Any CPU.ActiveCfg = Release|Any CPU
		{8135C75A-A31E-4F7C-A4E6-042897E18573}.Release|Any CPU.Build.0 = Release|Any CPU
		{8135C75A-A31E-4F7C-A4E6-042897E18573}.Release|x64.ActiveCfg = Release|Any CPU
		{8135C75A-A31E-4F7C-A4E6-042897E18573}.Release|x64.Build.0 = Release|Any CPU
		{8135C75A-A31E-4F7C-A4E6-042897E18573}.Release|x86.ActiveCfg = Release|Any CPU
		{8135C75A-A31E-4F7C-A4E6-042897E18573}.Release|x86.Build.0 = Release|Any CPU
		{26DEAAFC-57F3-4A9D-A27F-4BD2FD9D2DFF}.Debug|Any CPU.ActiveCfg = Debug|Any CPU
		{26DEAAFC-57F3-4A9D-A27F-4BD2FD9D2DFF}.Debug|Any CPU.Build.0 = Debug|Any CPU
		{26DEAAFC-57F3-4A9D-A27F-4BD2FD9D2DFF}.Debug|x64.ActiveCfg = Debug|Any CPU
		{26DEAAFC-57F3-4A9D-A27F-4BD2FD9D2DFF}.Debug|x64.Build.0 = Debug|Any CPU
		{26DEAAFC-57F3-4A9D-A27F-4BD2FD9D2DFF}.Debug|x86.ActiveCfg = Debug|Any CPU
		{26DEAAFC-57F3-4A9D-A27F-4BD2FD9D2DFF}.Debug|x86.Build.0 = Debug|Any CPU
		{26DEAAFC-57F3-4A9D-A27F-4BD2FD9D2DFF}.Release|Any CPU.ActiveCfg = Release|Any CPU
		{26DEAAFC-57F3-4A9D-A27F-4BD2FD9D2DFF}.Release|Any CPU.Build.0 = Release|Any CPU
		{26DEAAFC-57F3-4A9D-A27F-4BD2FD9D2DFF}.Release|x64.ActiveCfg = Release|Any CPU
		{26DEAAFC-57F3-4A9D-A27F-4BD2FD9D2DFF}.Release|x64.Build.0 = Release|Any CPU
		{26DEAAFC-57F3-4A9D-A27F-4BD2FD9D2DFF}.Release|x86.ActiveCfg = Release|Any CPU
		{26DEAAFC-57F3-4A9D-A27F-4BD2FD9D2DFF}.Release|x86.Build.0 = Release|Any CPU
		{2E42D6FA-3B0E-43E5-9948-7BD2D62070C2}.Debug|Any CPU.ActiveCfg = Debug|Any CPU
		{2E42D6FA-3B0E-43E5-9948-7BD2D62070C2}.Debug|Any CPU.Build.0 = Debug|Any CPU
		{2E42D6FA-3B0E-43E5-9948-7BD2D62070C2}.Debug|x64.ActiveCfg = Debug|Any CPU
		{2E42D6FA-3B0E-43E5-9948-7BD2D62070C2}.Debug|x64.Build.0 = Debug|Any CPU
		{2E42D6FA-3B0E-43E5-9948-7BD2D62070C2}.Debug|x86.ActiveCfg = Debug|Any CPU
		{2E42D6FA-3B0E-43E5-9948-7BD2D62070C2}.Debug|x86.Build.0 = Debug|Any CPU
		{2E42D6FA-3B0E-43E5-9948-7BD2D62070C2}.Release|Any CPU.ActiveCfg = Release|Any CPU
		{2E42D6FA-3B0E-43E5-9948-7BD2D62070C2}.Release|Any CPU.Build.0 = Release|Any CPU
		{2E42D6FA-3B0E-43E5-9948-7BD2D62070C2}.Release|x64.ActiveCfg = Release|Any CPU
		{2E42D6FA-3B0E-43E5-9948-7BD2D62070C2}.Release|x64.Build.0 = Release|Any CPU
		{2E42D6FA-3B0E-43E5-9948-7BD2D62070C2}.Release|x86.ActiveCfg = Release|Any CPU
		{2E42D6FA-3B0E-43E5-9948-7BD2D62070C2}.Release|x86.Build.0 = Release|Any CPU
	EndGlobalSection
	GlobalSection(SolutionProperties) = preSolution
		HideSolutionNode = FALSE
	EndGlobalSection
	GlobalSection(NestedProjects) = preSolution
		{C8BDFE2F-5CA8-43D2-B6B5-2B7624B96438} = {7226ABEA-787E-1D09-10EA-A2ECF996D6A6}
		{7A0B1807-C935-4AA0-B202-4EC297A94FCA} = {7226ABEA-787E-1D09-10EA-A2ECF996D6A6}
		{FC0C2C71-A2B6-4204-AAA1-E2E7DD953AF3} = {7226ABEA-787E-1D09-10EA-A2ECF996D6A6}
		{474C2FA8-7EFF-4D4A-B085-2E5A176EF5BD} = {7226ABEA-787E-1D09-10EA-A2ECF996D6A6}
		{7566276C-A739-4C7E-9EF5-BBB7BA610F52} = {7226ABEA-787E-1D09-10EA-A2ECF996D6A6}
		{A34B5455-5419-4047-9FD4-09AC64CF8867} = {7226ABEA-787E-1D09-10EA-A2ECF996D6A6}
		{04F10F0A-B2E4-4179-A4EF-AD48A89B081D} = {827E0CD3-B72D-47B6-A68D-7590B98EB39B}
		{580D588F-EEBB-4D2D-AEFC-1E0C587EE401} = {827E0CD3-B72D-47B6-A68D-7590B98EB39B}
		{CE195BA6-C0F6-489B-B5A6-F0DA0C4AA801} = {827E0CD3-B72D-47B6-A68D-7590B98EB39B}
		{5F1B7585-5179-42B5-B1A0-1170BBB9C026} = {827E0CD3-B72D-47B6-A68D-7590B98EB39B}
		{14CA6BB1-0663-46B3-B778-9ADEECFC8DD9} = {827E0CD3-B72D-47B6-A68D-7590B98EB39B}
		{D0BCD3C8-38A4-474F-9A1C-FB3A49B58941} = {827E0CD3-B72D-47B6-A68D-7590B98EB39B}
		{53E0786E-82E8-4FCE-BFBE-FFC6BE624350} = {827E0CD3-B72D-47B6-A68D-7590B98EB39B}
		{5C53677A-1468-4424-B1BE-EBC99B9C2DFE} = {827E0CD3-B72D-47B6-A68D-7590B98EB39B}
		{B554C429-A979-429E-A600-B4387066348E} = {827E0CD3-B72D-47B6-A68D-7590B98EB39B}
		{2768D6EB-21D8-49BB-9ADD-DA02B069D35F} = {827E0CD3-B72D-47B6-A68D-7590B98EB39B}
		{B3E64164-617F-47E7-A59B-B1D2B1521DEA} = {827E0CD3-B72D-47B6-A68D-7590B98EB39B}
		{3E49B82A-9004-4FB0-B318-EE41E31EE86C} = {827E0CD3-B72D-47B6-A68D-7590B98EB39B}
		{3BF5C516-392B-448D-966D-3ADCD0BB781E} = {0C88DD14-F956-CE84-757C-A364CCF449FC}
		{20997410-89C5-4B46-809B-0723AB7D4A40} = {0C88DD14-F956-CE84-757C-A364CCF449FC}
		{24412238-431A-466C-9794-5D670084F2E1} = {0C88DD14-F956-CE84-757C-A364CCF449FC}
		{8135C75A-A31E-4F7C-A4E6-042897E18573} = {0C88DD14-F956-CE84-757C-A364CCF449FC}
		{26DEAAFC-57F3-4A9D-A27F-4BD2FD9D2DFF} = {827E0CD3-B72D-47B6-A68D-7590B98EB39B}
		{2E42D6FA-3B0E-43E5-9948-7BD2D62070C2} = {827E0CD3-B72D-47B6-A68D-7590B98EB39B}
	EndGlobalSection
	GlobalSection(ExtensibilityGlobals) = postSolution
		SolutionGuid = {5E0F24A5-A97B-46E1-B8D3-BB66A290DC6E}
	EndGlobalSection
EndGlobal
